
Microsoft Visual Studio Solution File, Format Version 12.00
# Visual Studio Version 17
VisualStudioVersion = 17.11.35312.102
MinimumVisualStudioVersion = 10.0.40219.1
Project("{9A19103F-16F7-4668-BE54-9A1E7A4F7556}") = "TestWorkindForEducation", "TestWorkindForEducation\TestWorkindForEducation.csproj", "{512FF382-4CE0-4C18-86B4-DA33E4542570}"
EndProject
Project("{9A19103F-16F7-4668-BE54-9A1E7A4F7556}") = "Application", "Application\Application.csproj", "{AA56AB9B-EE80-4119-BD7B-022B8B27442E}"
EndProject
Project("{9A19103F-16F7-4668-BE54-9A1E7A4F7556}") = "Domain", "Domain\Domain.csproj", "{4EE2AA5B-FDB0-438E-93B5-9B61CE861EB0}"
EndProject
Project("{9A19103F-16F7-4668-BE54-9A1E7A4F7556}") = "Infrastructure", "Infrastructure\Infrastructure.csproj", "{AC07818B-CA54-44AA-895D-1284EDC75C73}"
EndProject
Project("{2150E333-8FDC-42A3-9474-1A3956D46DE8}") = "Элементы решения", "Элементы решения", "{C1AA0E55-7592-4E66-982B-6E1AB09D4212}"
	ProjectSection(SolutionItems) = preProject
		docker-compose.yml = docker-compose.yml
	EndProjectSection
EndProject
Global
	GlobalSection(SolutionConfigurationPlatforms) = preSolution
		Debug|Any CPU = Debug|Any CPU
		Release|Any CPU = Release|Any CPU
	EndGlobalSection
	GlobalSection(ProjectConfigurationPlatforms) = postSolution
		{512FF382-4CE0-4C18-86B4-DA33E4542570}.Debug|Any CPU.ActiveCfg = Debug|Any CPU
		{512FF382-4CE0-4C18-86B4-DA33E4542570}.Debug|Any CPU.Build.0 = Debug|Any CPU
		{512FF382-4CE0-4C18-86B4-DA33E4542570}.Release|Any CPU.ActiveCfg = Release|Any CPU
		{512FF382-4CE0-4C18-86B4-DA33E4542570}.Release|Any CPU.Build.0 = Release|Any CPU
		{AA56AB9B-EE80-4119-BD7B-022B8B27442E}.Debug|Any CPU.ActiveCfg = Debug|Any CPU
		{AA56AB9B-EE80-4119-BD7B-022B8B27442E}.Debug|Any CPU.Build.0 = Debug|Any CPU
		{AA56AB9B-EE80-4119-BD7B-022B8B27442E}.Release|Any CPU.ActiveCfg = Release|Any CPU
		{AA56AB9B-EE80-4119-BD7B-022B8B27442E}.Release|Any CPU.Build.0 = Release|Any CPU
		{4EE2AA5B-FDB0-438E-93B5-9B61CE861EB0}.Debug|Any CPU.ActiveCfg = Debug|Any CPU
		{4EE2AA5B-FDB0-438E-93B5-9B61CE861EB0}.Debug|Any CPU.Build.0 = Debug|Any CPU
		{4EE2AA5B-FDB0-438E-93B5-9B61CE861EB0}.Release|Any CPU.ActiveCfg = Release|Any CPU
		{4EE2AA5B-FDB0-438E-93B5-9B61CE861EB0}.Release|Any CPU.Build.0 = Release|Any CPU
		{AC07818B-CA54-44AA-895D-1284EDC75C73}.Debug|Any CPU.ActiveCfg = Debug|Any CPU
		{AC07818B-CA54-44AA-895D-1284EDC75C73}.Debug|Any CPU.Build.0 = Debug|Any CPU
		{AC07818B-CA54-44AA-895D-1284EDC75C73}.Release|Any CPU.ActiveCfg = Release|Any CPU
		{AC07818B-CA54-44AA-895D-1284EDC75C73}.Release|Any CPU.Build.0 = Release|Any CPU
	EndGlobalSection
	GlobalSection(SolutionProperties) = preSolution
		HideSolutionNode = FALSE
	EndGlobalSection
	GlobalSection(ExtensibilityGlobals) = postSolution
		SolutionGuid = {616CC359-B373-48ED-ACA1-4858DDA1EFC0}
	EndGlobalSection
EndGlobal
